
Microsoft Visual Studio Solution File, Format Version 12.00
# Visual Studio Version 17
VisualStudioVersion = 17.0.31903.59
MinimumVisualStudioVersion = 10.0.40219.1
Project("{FAE04EC0-301F-11D3-BF4B-00C04F79EFBC}") = "poo_ex2", "poo_ex2\poo_ex2.csproj", "{651A951A-F90D-4E98-BD83-7498B94203CC}"
EndProject
Global
	GlobalSection(SolutionConfigurationPlatforms) = preSolution
		Debug|Any CPU = Debug|Any CPU
		Release|Any CPU = Release|Any CPU
	EndGlobalSection
	GlobalSection(ProjectConfigurationPlatforms) = postSolution
		{651A951A-F90D-4E98-BD83-7498B94203CC}.Debug|Any CPU.ActiveCfg = Debug|Any CPU
		{651A951A-F90D-4E98-BD83-7498B94203CC}.Debug|Any CPU.Build.0 = Debug|Any CPU
		{651A951A-F90D-4E98-BD83-7498B94203CC}.Release|Any CPU.ActiveCfg = Release|Any CPU
		{651A951A-F90D-4E98-BD83-7498B94203CC}.Release|Any CPU.Build.0 = Release|Any CPU
	EndGlobalSection
	GlobalSection(SolutionProperties) = preSolution
		HideSolutionNode = FALSE
	EndGlobalSection
	GlobalSection(ExtensibilityGlobals) = postSolution
		SolutionGuid = {79134BC5-3DCF-459F-A028-5E50B64A724C}
	EndGlobalSection
EndGlobal
