
Microsoft Visual Studio Solution File, Format Version 12.00
# Visual Studio Version 17
VisualStudioVersion = 17.0.31903.59
MinimumVisualStudioVersion = 10.0.40219.1
Project("{FAE04EC0-301F-11D3-BF4B-00C04F79EFBC}") = "poo_ex5", "poo_ex5\poo_ex5.csproj", "{9433D3A4-F9C8-44A2-A956-E6BDD2502B13}"
EndProject
Global
	GlobalSection(SolutionConfigurationPlatforms) = preSolution
		Debug|Any CPU = Debug|Any CPU
		Release|Any CPU = Release|Any CPU
	EndGlobalSection
	GlobalSection(ProjectConfigurationPlatforms) = postSolution
		{9433D3A4-F9C8-44A2-A956-E6BDD2502B13}.Debug|Any CPU.ActiveCfg = Debug|Any CPU
		{9433D3A4-F9C8-44A2-A956-E6BDD2502B13}.Debug|Any CPU.Build.0 = Debug|Any CPU
		{9433D3A4-F9C8-44A2-A956-E6BDD2502B13}.Release|Any CPU.ActiveCfg = Release|Any CPU
		{9433D3A4-F9C8-44A2-A956-E6BDD2502B13}.Release|Any CPU.Build.0 = Release|Any CPU
	EndGlobalSection
	GlobalSection(SolutionProperties) = preSolution
		HideSolutionNode = FALSE
	EndGlobalSection
	GlobalSection(ExtensibilityGlobals) = postSolution
		SolutionGuid = {910D25C0-242A-4F08-BB51-7050450402AF}
	EndGlobalSection
EndGlobal
